
Microsoft Visual Studio Solution File, Format Version 12.00
# Visual Studio Version 16
VisualStudioVersion = 16.0.809.6
MinimumVisualStudioVersion = 10.0.40219.1
Project("{FAE04EC0-301F-11D3-BF4B-00C04F79EFBC}") = "UnicoVehicle", "UnicoVehicle\UnicoVehicle.csproj", "{6CC2DDFA-9424-42AE-BF76-40270E4E6553}"
EndProject
Project("{FAE04EC0-301F-11D3-BF4B-00C04F79EFBC}") = "UnicoVehicle.BLL", "UnicoVehicle.BLL\UnicoVehicle.BLL.csproj", "{9EF727D8-6607-4B3C-A435-68738C1E6671}"
EndProject
Project("{FAE04EC0-301F-11D3-BF4B-00C04F79EFBC}") = "UnicoVehicle.DAL", "UnicoVehicle.DAL\UnicoVehicle.DAL.csproj", "{D6561E77-0E0C-4CED-8B5B-7944B5EC6211}"
EndProject
Project("{FAE04EC0-301F-11D3-BF4B-00C04F79EFBC}") = "UnicoVehicle.DTO", "UnicoVehicle.DTO\UnicoVehicle.DTO.csproj", "{360BE64C-F033-43AA-8B06-77FA79BC8678}"
EndProject
Project("{FAE04EC0-301F-11D3-BF4B-00C04F79EFBC}") = "UnicoVehicle.Utilities", "UnicoVehicle.Utilities\UnicoVehicle.Utilities.csproj", "{607BF8BF-F189-40F9-BE0E-2F897EF2BDB6}"
EndProject
Global
	GlobalSection(SolutionConfigurationPlatforms) = preSolution
		Debug|Any CPU = Debug|Any CPU
		Release|Any CPU = Release|Any CPU
	EndGlobalSection
	GlobalSection(ProjectConfigurationPlatforms) = postSolution
		{6CC2DDFA-9424-42AE-BF76-40270E4E6553}.Debug|Any CPU.ActiveCfg = Debug|Any CPU
		{6CC2DDFA-9424-42AE-BF76-40270E4E6553}.Debug|Any CPU.Build.0 = Debug|Any CPU
		{6CC2DDFA-9424-42AE-BF76-40270E4E6553}.Release|Any CPU.ActiveCfg = Release|Any CPU
		{6CC2DDFA-9424-42AE-BF76-40270E4E6553}.Release|Any CPU.Build.0 = Release|Any CPU
		{9EF727D8-6607-4B3C-A435-68738C1E6671}.Debug|Any CPU.ActiveCfg = Debug|Any CPU
		{9EF727D8-6607-4B3C-A435-68738C1E6671}.Debug|Any CPU.Build.0 = Debug|Any CPU
		{9EF727D8-6607-4B3C-A435-68738C1E6671}.Release|Any CPU.ActiveCfg = Release|Any CPU
		{9EF727D8-6607-4B3C-A435-68738C1E6671}.Release|Any CPU.Build.0 = Release|Any CPU
		{D6561E77-0E0C-4CED-8B5B-7944B5EC6211}.Debug|Any CPU.ActiveCfg = Debug|Any CPU
		{D6561E77-0E0C-4CED-8B5B-7944B5EC6211}.Debug|Any CPU.Build.0 = Debug|Any CPU
		{D6561E77-0E0C-4CED-8B5B-7944B5EC6211}.Release|Any CPU.ActiveCfg = Release|Any CPU
		{D6561E77-0E0C-4CED-8B5B-7944B5EC6211}.Release|Any CPU.Build.0 = Release|Any CPU
		{360BE64C-F033-43AA-8B06-77FA79BC8678}.Debug|Any CPU.ActiveCfg = Debug|Any CPU
		{360BE64C-F033-43AA-8B06-77FA79BC8678}.Debug|Any CPU.Build.0 = Debug|Any CPU
		{360BE64C-F033-43AA-8B06-77FA79BC8678}.Release|Any CPU.ActiveCfg = Release|Any CPU
		{360BE64C-F033-43AA-8B06-77FA79BC8678}.Release|Any CPU.Build.0 = Release|Any CPU
		{607BF8BF-F189-40F9-BE0E-2F897EF2BDB6}.Debug|Any CPU.ActiveCfg = Debug|Any CPU
		{607BF8BF-F189-40F9-BE0E-2F897EF2BDB6}.Debug|Any CPU.Build.0 = Debug|Any CPU
		{607BF8BF-F189-40F9-BE0E-2F897EF2BDB6}.Release|Any CPU.ActiveCfg = Release|Any CPU
		{607BF8BF-F189-40F9-BE0E-2F897EF2BDB6}.Release|Any CPU.Build.0 = Release|Any CPU
	EndGlobalSection
	GlobalSection(SolutionProperties) = preSolution
		HideSolutionNode = FALSE
	EndGlobalSection
	GlobalSection(ExtensibilityGlobals) = postSolution
		SolutionGuid = {ABABF1B7-97EE-4B26-A45A-F0D175C22FC3}
	EndGlobalSection
EndGlobal
